
Microsoft Visual Studio Solution File, Format Version 12.00
# Visual Studio Version 17
VisualStudioVersion = 17.0.31903.59
MinimumVisualStudioVersion = 10.0.40219.1
Project("{2150E333-8FDC-42A3-9474-1A3956D46DE8}") = "source", "source", "{B8EFCA5F-814F-285C-A8CB-F00F14650265}"
EndProject
Project("{FAE04EC0-301F-11D3-BF4B-00C04F79EFBC}") = "Sample.Domain", "source\Sample.Domain\Sample.Domain.csproj", "{B0B77F4F-3146-4275-920D-BAB2C13D6F3F}"
EndProject
Project("{FAE04EC0-301F-11D3-BF4B-00C04F79EFBC}") = "Sample.Application", "source\Sample.Application\Sample.Application.csproj", "{F84FA28B-B0E3-44F5-8C42-18104E6AAD8F}"
EndProject
Project("{FAE04EC0-301F-11D3-BF4B-00C04F79EFBC}") = "Sample.Infrastructure", "source\Sample.Infrastructure\Sample.Infrastructure.csproj", "{E4B4F9FF-3242-4A4D-8E78-DECD5063F4B2}"
EndProject
Project("{FAE04EC0-301F-11D3-BF4B-00C04F79EFBC}") = "Sample.Api", "source\Sample.Api\Sample.Api.csproj", "{7632F486-DC93-4ED7-8612-866F04223BA3}"
EndProject
Project("{2150E333-8FDC-42A3-9474-1A3956D46DE8}") = "tests", "tests", "{0AB3BF05-4346-4AA6-1389-037BE0695223}"
EndProject
Project("{FAE04EC0-301F-11D3-BF4B-00C04F79EFBC}") = "Sample.Application.Tests", "tests\Sample.Application.Tests\Sample.Application.Tests.csproj", "{BFA1E682-3672-44BA-8247-6323C0F0755B}"
EndProject
Project("{FAE04EC0-301F-11D3-BF4B-00C04F79EFBC}") = "Sample.Api.Tests", "tests\Sample.Api.Tests\Sample.Api.Tests.csproj", "{C107A902-B0C5-495A-9D3C-52E51452F98B}"
EndProject
Global
	GlobalSection(SolutionConfigurationPlatforms) = preSolution
		Debug|Any CPU = Debug|Any CPU
		Debug|x64 = Debug|x64
		Debug|x86 = Debug|x86
		Release|Any CPU = Release|Any CPU
		Release|x64 = Release|x64
		Release|x86 = Release|x86
	EndGlobalSection
	GlobalSection(ProjectConfigurationPlatforms) = postSolution
		{B0B77F4F-3146-4275-920D-BAB2C13D6F3F}.Debug|Any CPU.ActiveCfg = Debug|Any CPU
		{B0B77F4F-3146-4275-920D-BAB2C13D6F3F}.Debug|Any CPU.Build.0 = Debug|Any CPU
		{B0B77F4F-3146-4275-920D-BAB2C13D6F3F}.Debug|x64.ActiveCfg = Debug|Any CPU
		{B0B77F4F-3146-4275-920D-BAB2C13D6F3F}.Debug|x64.Build.0 = Debug|Any CPU
		{B0B77F4F-3146-4275-920D-BAB2C13D6F3F}.Debug|x86.ActiveCfg = Debug|Any CPU
		{B0B77F4F-3146-4275-920D-BAB2C13D6F3F}.Debug|x86.Build.0 = Debug|Any CPU
		{B0B77F4F-3146-4275-920D-BAB2C13D6F3F}.Release|Any CPU.ActiveCfg = Release|Any CPU
		{B0B77F4F-3146-4275-920D-BAB2C13D6F3F}.Release|Any CPU.Build.0 = Release|Any CPU
		{B0B77F4F-3146-4275-920D-BAB2C13D6F3F}.Release|x64.ActiveCfg = Release|Any CPU
		{B0B77F4F-3146-4275-920D-BAB2C13D6F3F}.Release|x64.Build.0 = Release|Any CPU
		{B0B77F4F-3146-4275-920D-BAB2C13D6F3F}.Release|x86.ActiveCfg = Release|Any CPU
		{B0B77F4F-3146-4275-920D-BAB2C13D6F3F}.Release|x86.Build.0 = Release|Any CPU
		{F84FA28B-B0E3-44F5-8C42-18104E6AAD8F}.Debug|Any CPU.ActiveCfg = Debug|Any CPU
		{F84FA28B-B0E3-44F5-8C42-18104E6AAD8F}.Debug|Any CPU.Build.0 = Debug|Any CPU
		{F84FA28B-B0E3-44F5-8C42-18104E6AAD8F}.Debug|x64.ActiveCfg = Debug|Any CPU
		{F84FA28B-B0E3-44F5-8C42-18104E6AAD8F}.Debug|x64.Build.0 = Debug|Any CPU
		{F84FA28B-B0E3-44F5-8C42-18104E6AAD8F}.Debug|x86.ActiveCfg = Debug|Any CPU
		{F84FA28B-B0E3-44F5-8C42-18104E6AAD8F}.Debug|x86.Build.0 = Debug|Any CPU
		{F84FA28B-B0E3-44F5-8C42-18104E6AAD8F}.Release|Any CPU.ActiveCfg = Release|Any CPU
		{F84FA28B-B0E3-44F5-8C42-18104E6AAD8F}.Release|Any CPU.Build.0 = Release|Any CPU
		{F84FA28B-B0E3-44F5-8C42-18104E6AAD8F}.Release|x64.ActiveCfg = Release|Any CPU
		{F84FA28B-B0E3-44F5-8C42-18104E6AAD8F}.Release|x64.Build.0 = Release|Any CPU
		{F84FA28B-B0E3-44F5-8C42-18104E6AAD8F}.Release|x86.ActiveCfg = Release|Any CPU
		{F84FA28B-B0E3-44F5-8C42-18104E6AAD8F}.Release|x86.Build.0 = Release|Any CPU
		{E4B4F9FF-3242-4A4D-8E78-DECD5063F4B2}.Debug|Any CPU.ActiveCfg = Debug|Any CPU
		{E4B4F9FF-3242-4A4D-8E78-DECD5063F4B2}.Debug|Any CPU.Build.0 = Debug|Any CPU
		{E4B4F9FF-3242-4A4D-8E78-DECD5063F4B2}.Debug|x64.ActiveCfg = Debug|Any CPU
		{E4B4F9FF-3242-4A4D-8E78-DECD5063F4B2}.Debug|x64.Build.0 = Debug|Any CPU
		{E4B4F9FF-3242-4A4D-8E78-DECD5063F4B2}.Debug|x86.ActiveCfg = Debug|Any CPU
		{E4B4F9FF-3242-4A4D-8E78-DECD5063F4B2}.Debug|x86.Build.0 = Debug|Any CPU
		{E4B4F9FF-3242-4A4D-8E78-DECD5063F4B2}.Release|Any CPU.ActiveCfg = Release|Any CPU
		{E4B4F9FF-3242-4A4D-8E78-DECD5063F4B2}.Release|Any CPU.Build.0 = Release|Any CPU
		{E4B4F9FF-3242-4A4D-8E78-DECD5063F4B2}.Release|x64.ActiveCfg = Release|Any CPU
		{E4B4F9FF-3242-4A4D-8E78-DECD5063F4B2}.Release|x64.Build.0 = Release|Any CPU
		{E4B4F9FF-3242-4A4D-8E78-DECD5063F4B2}.Release|x86.ActiveCfg = Release|Any CPU
		{E4B4F9FF-3242-4A4D-8E78-DECD5063F4B2}.Release|x86.Build.0 = Release|Any CPU
		{7632F486-DC93-4ED7-8612-866F04223BA3}.Debug|Any CPU.ActiveCfg = Debug|Any CPU
		{7632F486-DC93-4ED7-8612-866F04223BA3}.Debug|Any CPU.Build.0 = Debug|Any CPU
		{7632F486-DC93-4ED7-8612-866F04223BA3}.Debug|x64.ActiveCfg = Debug|Any CPU
		{7632F486-DC93-4ED7-8612-866F04223BA3}.Debug|x64.Build.0 = Debug|Any CPU
		{7632F486-DC93-4ED7-8612-866F04223BA3}.Debug|x86.ActiveCfg = Debug|Any CPU
		{7632F486-DC93-4ED7-8612-866F04223BA3}.Debug|x86.Build.0 = Debug|Any CPU
		{7632F486-DC93-4ED7-8612-866F04223BA3}.Release|Any CPU.ActiveCfg = Release|Any CPU
		{7632F486-DC93-4ED7-8612-866F04223BA3}.Release|Any CPU.Build.0 = Release|Any CPU
		{7632F486-DC93-4ED7-8612-866F04223BA3}.Release|x64.ActiveCfg = Release|Any CPU
		{7632F486-DC93-4ED7-8612-866F04223BA3}.Release|x64.Build.0 = Release|Any CPU
		{7632F486-DC93-4ED7-8612-866F04223BA3}.Release|x86.ActiveCfg = Release|Any CPU
		{7632F486-DC93-4ED7-8612-866F04223BA3}.Release|x86.Build.0 = Release|Any CPU
		{BFA1E682-3672-44BA-8247-6323C0F0755B}.Debug|Any CPU.ActiveCfg = Debug|Any CPU
		{BFA1E682-3672-44BA-8247-6323C0F0755B}.Debug|Any CPU.Build.0 = Debug|Any CPU
		{BFA1E682-3672-44BA-8247-6323C0F0755B}.Debug|x64.ActiveCfg = Debug|Any CPU
		{BFA1E682-3672-44BA-8247-6323C0F0755B}.Debug|x64.Build.0 = Debug|Any CPU
		{BFA1E682-3672-44BA-8247-6323C0F0755B}.Debug|x86.ActiveCfg = Debug|Any CPU
		{BFA1E682-3672-44BA-8247-6323C0F0755B}.Debug|x86.Build.0 = Debug|Any CPU
		{BFA1E682-3672-44BA-8247-6323C0F0755B}.Release|Any CPU.ActiveCfg = Release|Any CPU
		{BFA1E682-3672-44BA-8247-6323C0F0755B}.Release|Any CPU.Build.0 = Release|Any CPU
		{BFA1E682-3672-44BA-8247-6323C0F0755B}.Release|x64.ActiveCfg = Release|Any CPU
		{BFA1E682-3672-44BA-8247-6323C0F0755B}.Release|x64.Build.0 = Release|Any CPU
		{BFA1E682-3672-44BA-8247-6323C0F0755B}.Release|x86.ActiveCfg = Release|Any CPU
		{BFA1E682-3672-44BA-8247-6323C0F0755B}.Release|x86.Build.0 = Release|Any CPU
		{C107A902-B0C5-495A-9D3C-52E51452F98B}.Debug|Any CPU.ActiveCfg = Debug|Any CPU
		{C107A902-B0C5-495A-9D3C-52E51452F98B}.Debug|Any CPU.Build.0 = Debug|Any CPU
		{C107A902-B0C5-495A-9D3C-52E51452F98B}.Debug|x64.ActiveCfg = Debug|Any CPU
		{C107A902-B0C5-495A-9D3C-52E51452F98B}.Debug|x64.Build.0 = Debug|Any CPU
		{C107A902-B0C5-495A-9D3C-52E51452F98B}.Debug|x86.ActiveCfg = Debug|Any CPU
		{C107A902-B0C5-495A-9D3C-52E51452F98B}.Debug|x86.Build.0 = Debug|Any CPU
		{C107A902-B0C5-495A-9D3C-52E51452F98B}.Release|Any CPU.ActiveCfg = Release|Any CPU
		{C107A902-B0C5-495A-9D3C-52E51452F98B}.Release|Any CPU.Build.0 = Release|Any CPU
		{C107A902-B0C5-495A-9D3C-52E51452F98B}.Release|x64.ActiveCfg = Release|Any CPU
		{C107A902-B0C5-495A-9D3C-52E51452F98B}.Release|x64.Build.0 = Release|Any CPU
		{C107A902-B0C5-495A-9D3C-52E51452F98B}.Release|x86.ActiveCfg = Release|Any CPU
		{C107A902-B0C5-495A-9D3C-52E51452F98B}.Release|x86.Build.0 = Release|Any CPU
	EndGlobalSection
	GlobalSection(SolutionProperties) = preSolution
		HideSolutionNode = FALSE
	EndGlobalSection
	GlobalSection(NestedProjects) = preSolution
		{B0B77F4F-3146-4275-920D-BAB2C13D6F3F} = {B8EFCA5F-814F-285C-A8CB-F00F14650265}
		{F84FA28B-B0E3-44F5-8C42-18104E6AAD8F} = {B8EFCA5F-814F-285C-A8CB-F00F14650265}
		{E4B4F9FF-3242-4A4D-8E78-DECD5063F4B2} = {B8EFCA5F-814F-285C-A8CB-F00F14650265}
		{7632F486-DC93-4ED7-8612-866F04223BA3} = {B8EFCA5F-814F-285C-A8CB-F00F14650265}
		{BFA1E682-3672-44BA-8247-6323C0F0755B} = {0AB3BF05-4346-4AA6-1389-037BE0695223}
		{C107A902-B0C5-495A-9D3C-52E51452F98B} = {0AB3BF05-4346-4AA6-1389-037BE0695223}
	EndGlobalSection
EndGlobal
